
Microsoft Visual Studio Solution File, Format Version 12.00
# Visual Studio Version 17
VisualStudioVersion = 17.3.32929.385
MinimumVisualStudioVersion = 10.0.40219.1
Project("{FAE04EC0-301F-11D3-BF4B-00C04F79EFBC}") = "WebMarket", "WebMarket\WebMarket.csproj", "{CFD7D0FA-1A86-4B09-8821-AECF8F3E6FB8}"
EndProject
Global
	GlobalSection(SolutionConfigurationPlatforms) = preSolution
		Debug|Any CPU = Debug|Any CPU
		Release|Any CPU = Release|Any CPU
	EndGlobalSection
	GlobalSection(ProjectConfigurationPlatforms) = postSolution
		{CFD7D0FA-1A86-4B09-8821-AECF8F3E6FB8}.Debug|Any CPU.ActiveCfg = Debug|Any CPU
		{CFD7D0FA-1A86-4B09-8821-AECF8F3E6FB8}.Debug|Any CPU.Build.0 = Debug|Any CPU
		{CFD7D0FA-1A86-4B09-8821-AECF8F3E6FB8}.Release|Any CPU.ActiveCfg = Release|Any CPU
		{CFD7D0FA-1A86-4B09-8821-AECF8F3E6FB8}.Release|Any CPU.Build.0 = Release|Any CPU
	EndGlobalSection
	GlobalSection(SolutionProperties) = preSolution
		HideSolutionNode = FALSE
	EndGlobalSection
	GlobalSection(ExtensibilityGlobals) = postSolution
		SolutionGuid = {A6823DEB-2972-48E2-B039-2BCF95DFBF09}
	EndGlobalSection
EndGlobal
